
Microsoft Visual Studio Solution File, Format Version 12.00
# Visual Studio Version 16
VisualStudioVersion = 16.0.32929.386
MinimumVisualStudioVersion = 10.0.40219.1
Project("{FAE04EC0-301F-11D3-BF4B-00C04F79EFBC}") = "DotNetPracticals", "DotNetPracticals.csproj", "{0D4E5CD8-CDD8-4824-9F06-C1212C9FEE40}"
EndProject
Project("{FAE04EC0-301F-11D3-BF4B-00C04F79EFBC}") = "ColorShapesLibrary", "ColorShapesLibrary\ColorShapesLibrary.csproj", "{06505ACD-B56D-4A68-9E77-D1B350429962}"
EndProject
Global
	GlobalSection(SolutionConfigurationPlatforms) = preSolution
		Debug|Any CPU = Debug|Any CPU
		Release|Any CPU = Release|Any CPU
	EndGlobalSection
	GlobalSection(ProjectConfigurationPlatforms) = postSolution
		{0D4E5CD8-CDD8-4824-9F06-C1212C9FEE40}.Debug|Any CPU.ActiveCfg = Debug|Any CPU
		{0D4E5CD8-CDD8-4824-9F06-C1212C9FEE40}.Debug|Any CPU.Build.0 = Debug|Any CPU
		{0D4E5CD8-CDD8-4824-9F06-C1212C9FEE40}.Release|Any CPU.ActiveCfg = Release|Any CPU
		{0D4E5CD8-CDD8-4824-9F06-C1212C9FEE40}.Release|Any CPU.Build.0 = Release|Any CPU
		{06505ACD-B56D-4A68-9E77-D1B350429962}.Debug|Any CPU.ActiveCfg = Debug|Any CPU
		{06505ACD-B56D-4A68-9E77-D1B350429962}.Debug|Any CPU.Build.0 = Debug|Any CPU
		{06505ACD-B56D-4A68-9E77-D1B350429962}.Release|Any CPU.ActiveCfg = Release|Any CPU
		{06505ACD-B56D-4A68-9E77-D1B350429962}.Release|Any CPU.Build.0 = Release|Any CPU
	EndGlobalSection
	GlobalSection(SolutionProperties) = preSolution
		HideSolutionNode = FALSE
	EndGlobalSection
	GlobalSection(ExtensibilityGlobals) = postSolution
		SolutionGuid = {26DA1D0D-9636-4909-8D9B-922D95189B38}
	EndGlobalSection
EndGlobal
